
Microsoft Visual Studio Solution File, Format Version 12.00
# Visual Studio Version 17
VisualStudioVersion = 17.11.35327.3
MinimumVisualStudioVersion = 10.0.40219.1
Project("{888888A0-9F3D-457C-B088-3A5042F75D52}") = "my_hardware_project", "my_hardware_project.pyproj", "{6B7F0A37-59EC-4B51-8552-09587A09B355}"
EndProject
Global
	GlobalSection(SolutionConfigurationPlatforms) = preSolution
		Debug|Any CPU = Debug|Any CPU
		Release|Any CPU = Release|Any CPU
	EndGlobalSection
	GlobalSection(ProjectConfigurationPlatforms) = postSolution
		{6B7F0A37-59EC-4B51-8552-09587A09B355}.Debug|Any CPU.ActiveCfg = Debug|Any CPU
		{6B7F0A37-59EC-4B51-8552-09587A09B355}.Debug|Any CPU.Build.0 = Debug|Any CPU
		{6B7F0A37-59EC-4B51-8552-09587A09B355}.Release|Any CPU.ActiveCfg = Release|Any CPU
		{6B7F0A37-59EC-4B51-8552-09587A09B355}.Release|Any CPU.Build.0 = Release|Any CPU
	EndGlobalSection
	GlobalSection(SolutionProperties) = preSolution
		HideSolutionNode = FALSE
	EndGlobalSection
	GlobalSection(ExtensibilityGlobals) = postSolution
		SolutionGuid = {45DD21FB-C52C-45F3-9CA5-086A92FF8EE4}
	EndGlobalSection
EndGlobal
